Microsoft Visual Studio Solution File, Format Version 12.00
# Visual Studio Version 17
VisualStudioVersion = 17.0.31903.59
MinimumVisualStudioVersion = 10.0.40219.1
Project("{9A19103F-16F7-4668-BE54-9A1E7A4F7556}") = "PatientCareAPI", "PatientCareAPI\PatientCareAPI.csproj", "{8C7A8B5F-4A2C-4B6D-8E4F-7B3A1C9E2D5F}"
EndProject
Project("{9A19103F-16F7-4668-BE54-9A1E7A4F7556}") = "PatientCareAPI.Tests", "PatientCareAPI.Tests\PatientCareAPI.Tests.csproj", "{3D4B2F6E-5A7C-4E1F-9B8D-2A6C4E7F1B3A}"
EndProject
Project("{2150E333-8FDC-42A3-9474-1A3956D46DE8}") = "Solution Items", "Solution Items", "{1A2B3C4D-5E6F-7A8B-9C0D-1E2F3A4B5C6D}"
	ProjectSection(SolutionItems) = preProject
		README.md = README.md
		.gitignore = .gitignore
	EndProjectSection
EndProject
Global
	GlobalSection(SolutionConfigurationPlatforms) = preSolution
		Debug|Any CPU = Debug|Any CPU
		Release|Any CPU = Release|Any CPU
	EndGlobalSection
	GlobalSection(ProjectConfigurationPlatforms) = postSolution
		{8C7A8B5F-4A2C-4B6D-8E4F-7B3A1C9E2D5F}.Debug|Any CPU.ActiveCfg = Debug|Any CPU
		{8C7A8B5F-4A2C-4B6D-8E4F-7B3A1C9E2D5F}.Debug|Any CPU.Build.0 = Debug|Any CPU
		{8C7A8B5F-4A2C-4B6D-8E4F-7B3A1C9E2D5F}.Release|Any CPU.ActiveCfg = Release|Any CPU
		{8C7A8B5F-4A2C-4B6D-8E4F-7B3A1C9E2D5F}.Release|Any CPU.Build.0 = Release|Any CPU
		{3D4B2F6E-5A7C-4E1F-9B8D-2A6C4E7F1B3A}.Debug|Any CPU.ActiveCfg = Debug|Any CPU
		{3D4B2F6E-5A7C-4E1F-9B8D-2A6C4E7F1B3A}.Debug|Any CPU.Build.0 = Debug|Any CPU
		{3D4B2F6E-5A7C-4E1F-9B8D-2A6C4E7F1B3A}.Release|Any CPU.ActiveCfg = Release|Any CPU
		{3D4B2F6E-5A7C-4E1F-9B8D-2A6C4E7F1B3A}.Release|Any CPU.Build.0 = Release|Any CPU
	EndGlobalSection
	GlobalSection(SolutionProperties) = preSolution
		HideSolutionNode = FALSE
	EndGlobalSection
	GlobalSection(ExtensibilityGlobals) = postSolution
		SolutionGuid = {A1B2C3D4-E5F6-7A8B-9C0D-1E2F3A4B5C6D}
	EndGlobalSection
EndGlobal 